
Microsoft Visual Studio Solution File, Format Version 12.00
# Visual Studio Version 16
VisualStudioVersion = 16.0.29905.134
MinimumVisualStudioVersion = 15.0.26124.0
Project("{9A19103F-16F7-4668-BE54-9A1E7A4F7556}") = "App", "App\App.csproj", "{2BE9EB4A-537A-49AC-A5B5-D53FE248FC4D}"
EndProject
Project("{9A19103F-16F7-4668-BE54-9A1E7A4F7556}") = "Common", "Common\Common.csproj", "{790A24E9-8A83-452E-A992-D200B42B0F6F}"
EndProject
Project("{9A19103F-16F7-4668-BE54-9A1E7A4F7556}") = "Plugin", "Plugin\Plugin.csproj", "{5FC5C010-EA6A-4629-A3C5-078E5587965F}"
EndProject
Project("{FAE04EC0-301F-11D3-BF4B-00C04F79EFBC}") = "MSBuildTask", "MSBuildTask\MSBuildTask.csproj", "{E660EE08-7B74-4118-9C1C-3C1A562D8A14}"
EndProject
Global
	GlobalSection(SolutionConfigurationPlatforms) = preSolution
		Debug|Any CPU = Debug|Any CPU
		Debug|x64 = Debug|x64
		Debug|x86 = Debug|x86
		Release|Any CPU = Release|Any CPU
		Release|x64 = Release|x64
		Release|x86 = Release|x86
	EndGlobalSection
	GlobalSection(ProjectConfigurationPlatforms) = postSolution
		{2BE9EB4A-537A-49AC-A5B5-D53FE248FC4D}.Debug|Any CPU.ActiveCfg = Debug|Any CPU
		{2BE9EB4A-537A-49AC-A5B5-D53FE248FC4D}.Debug|Any CPU.Build.0 = Debug|Any CPU
		{2BE9EB4A-537A-49AC-A5B5-D53FE248FC4D}.Debug|x64.ActiveCfg = Debug|Any CPU
		{2BE9EB4A-537A-49AC-A5B5-D53FE248FC4D}.Debug|x64.Build.0 = Debug|Any CPU
		{2BE9EB4A-537A-49AC-A5B5-D53FE248FC4D}.Debug|x86.ActiveCfg = Debug|Any CPU
		{2BE9EB4A-537A-49AC-A5B5-D53FE248FC4D}.Debug|x86.Build.0 = Debug|Any CPU
		{2BE9EB4A-537A-49AC-A5B5-D53FE248FC4D}.Release|Any CPU.ActiveCfg = Release|Any CPU
		{2BE9EB4A-537A-49AC-A5B5-D53FE248FC4D}.Release|Any CPU.Build.0 = Release|Any CPU
		{2BE9EB4A-537A-49AC-A5B5-D53FE248FC4D}.Release|x64.ActiveCfg = Release|Any CPU
		{2BE9EB4A-537A-49AC-A5B5-D53FE248FC4D}.Release|x64.Build.0 = Release|Any CPU
		{2BE9EB4A-537A-49AC-A5B5-D53FE248FC4D}.Release|x86.ActiveCfg = Release|Any CPU
		{2BE9EB4A-537A-49AC-A5B5-D53FE248FC4D}.Release|x86.Build.0 = Release|Any CPU
		{790A24E9-8A83-452E-A992-D200B42B0F6F}.Debug|Any CPU.ActiveCfg = Debug|Any CPU
		{790A24E9-8A83-452E-A992-D200B42B0F6F}.Debug|Any CPU.Build.0 = Debug|Any CPU
		{790A24E9-8A83-452E-A992-D200B42B0F6F}.Debug|x64.ActiveCfg = Debug|Any CPU
		{790A24E9-8A83-452E-A992-D200B42B0F6F}.Debug|x64.Build.0 = Debug|Any CPU
		{790A24E9-8A83-452E-A992-D200B42B0F6F}.Debug|x86.ActiveCfg = Debug|Any CPU
		{790A24E9-8A83-452E-A992-D200B42B0F6F}.Debug|x86.Build.0 = Debug|Any CPU
		{790A24E9-8A83-452E-A992-D200B42B0F6F}.Release|Any CPU.ActiveCfg = Release|Any CPU
		{790A24E9-8A83-452E-A992-D200B42B0F6F}.Release|Any CPU.Build.0 = Release|Any CPU
		{790A24E9-8A83-452E-A992-D200B42B0F6F}.Release|x64.ActiveCfg = Release|Any CPU
		{790A24E9-8A83-452E-A992-D200B42B0F6F}.Release|x64.Build.0 = Release|Any CPU
		{790A24E9-8A83-452E-A992-D200B42B0F6F}.Release|x86.ActiveCfg = Release|Any CPU
		{790A24E9-8A83-452E-A992-D200B42B0F6F}.Release|x86.Build.0 = Release|Any CPU
		{5FC5C010-EA6A-4629-A3C5-078E5587965F}.Debug|Any CPU.ActiveCfg = Debug|Any CPU
		{5FC5C010-EA6A-4629-A3C5-078E5587965F}.Debug|Any CPU.Build.0 = Debug|Any CPU
		{5FC5C010-EA6A-4629-A3C5-078E5587965F}.Debug|x64.ActiveCfg = Debug|Any CPU
		{5FC5C010-EA6A-4629-A3C5-078E5587965F}.Debug|x64.Build.0 = Debug|Any CPU
		{5FC5C010-EA6A-4629-A3C5-078E5587965F}.Debug|x86.ActiveCfg = Debug|Any CPU
		{5FC5C010-EA6A-4629-A3C5-078E5587965F}.Debug|x86.Build.0 = Debug|Any CPU
		{5FC5C010-EA6A-4629-A3C5-078E5587965F}.Release|Any CPU.ActiveCfg = Release|Any CPU
		{5FC5C010-EA6A-4629-A3C5-078E5587965F}.Release|Any CPU.Build.0 = Release|Any CPU
		{5FC5C010-EA6A-4629-A3C5-078E5587965F}.Release|x64.ActiveCfg = Release|Any CPU
		{5FC5C010-EA6A-4629-A3C5-078E5587965F}.Release|x64.Build.0 = Release|Any CPU
		{5FC5C010-EA6A-4629-A3C5-078E5587965F}.Release|x86.ActiveCfg = Release|Any CPU
		{5FC5C010-EA6A-4629-A3C5-078E5587965F}.Release|x86.Build.0 = Release|Any CPU
		{E660EE08-7B74-4118-9C1C-3C1A562D8A14}.Debug|Any CPU.ActiveCfg = Debug|Any CPU
		{E660EE08-7B74-4118-9C1C-3C1A562D8A14}.Debug|Any CPU.Build.0 = Debug|Any CPU
		{E660EE08-7B74-4118-9C1C-3C1A562D8A14}.Debug|x64.ActiveCfg = Debug|Any CPU
		{E660EE08-7B74-4118-9C1C-3C1A562D8A14}.Debug|x64.Build.0 = Debug|Any CPU
		{E660EE08-7B74-4118-9C1C-3C1A562D8A14}.Debug|x86.ActiveCfg = Debug|Any CPU
		{E660EE08-7B74-4118-9C1C-3C1A562D8A14}.Debug|x86.Build.0 = Debug|Any CPU
		{E660EE08-7B74-4118-9C1C-3C1A562D8A14}.Release|Any CPU.ActiveCfg = Release|Any CPU
		{E660EE08-7B74-4118-9C1C-3C1A562D8A14}.Release|Any CPU.Build.0 = Release|Any CPU
		{E660EE08-7B74-4118-9C1C-3C1A562D8A14}.Release|x64.ActiveCfg = Release|Any CPU
		{E660EE08-7B74-4118-9C1C-3C1A562D8A14}.Release|x64.Build.0 = Release|Any CPU
		{E660EE08-7B74-4118-9C1C-3C1A562D8A14}.Release|x86.ActiveCfg = Release|Any CPU
		{E660EE08-7B74-4118-9C1C-3C1A562D8A14}.Release|x86.Build.0 = Release|Any CPU
	EndGlobalSection
	GlobalSection(SolutionProperties) = preSolution
		HideSolutionNode = FALSE
	EndGlobalSection
	GlobalSection(ExtensibilityGlobals) = postSolution
		SolutionGuid = {668EBB8F-CD70-47AE-BB0C-556A2A2D522E}
	EndGlobalSection
EndGlobal
